{
  "name": "chrome-github-relationship",
  "version": "1.0.0",
  "lockfileVersion": 1,
  "requires": true,
  "dependencies": {
    "eslint": {
      "version": "4.19.1",
      "resolved": "http://registry.npm.taobao.org/eslint/download/eslint-4.19.1.tgz",
      "dev": true,
      "dependencies": {
        "ajv": {
          "version": "http://registry.npm.taobao.org/ajv/download/ajv-5.5.2.tgz",
          "bundled": true
        },
        "babel-code-frame": {
          "version": "http://registry.npm.taobao.org/babel-code-frame/download/babel-code-frame-6.26.0.tgz",
          "bundled": true
        },
        "chalk": {
          "version": "http://registry.npm.taobao.org/chalk/download/chalk-2.4.1.tgz",
          "bundled": true,
          "dependencies": {
            "ansi-styles": {
              "version": "http://registry.npm.taobao.org/ansi-styles/download/ansi-styles-3.2.1.tgz"
            },
            "escape-string-regexp": {
              "version": "http://registry.npm.taobao.org/escape-string-regexp/download/escape-string-regexp-1.0.5.tgz"
            },
            "supports-color": {
              "version": "http://registry.npm.taobao.org/supports-color/download/supports-color-5.4.0.tgz"
            }
          }
        },
        "concat-stream": {
          "version": "http://registry.npm.taobao.org/concat-stream/download/concat-stream-1.6.2.tgz",
          "bundled": true
        },
        "cross-spawn": {
          "version": "http://registry.npm.taobao.org/cross-spawn/download/cross-spawn-5.1.0.tgz",
          "bundled": true
        },
        "debug": {
          "version": "http://registry.npm.taobao.org/debug/download/debug-3.1.0.tgz",
          "bundled": true
        },
        "doctrine": {
          "version": "http://registry.npm.taobao.org/doctrine/download/doctrine-2.1.0.tgz",
          "bundled": true
        },
        "eslint-scope": {
          "version": "http://registry.npm.taobao.org/eslint-scope/download/eslint-scope-3.7.1.tgz",
          "bundled": true
        },
        "eslint-visitor-keys": {
          "version": "http://registry.npm.taobao.org/eslint-visitor-keys/download/eslint-visitor-keys-1.0.0.tgz",
          "bundled": true
        },
        "espree": {
          "version": "http://registry.npm.taobao.org/espree/download/espree-3.5.4.tgz",
          "bundled": true
        },
        "esquery": {
          "version": "http://registry.npm.taobao.org/esquery/download/esquery-1.0.1.tgz",
          "bundled": true
        },
        "esutils": {
          "version": "http://registry.npm.taobao.org/esutils/download/esutils-2.0.2.tgz",
          "bundled": true
        },
        "file-entry-cache": {
          "version": "http://registry.npm.taobao.org/file-entry-cache/download/file-entry-cache-2.0.0.tgz",
          "bundled": true
        },
        "functional-red-black-tree": {
          "version": "http://registry.npm.taobao.org/functional-red-black-tree/download/functional-red-black-tree-1.0.1.tgz",
          "bundled": true
        },
        "glob": {
          "version": "http://registry.npm.taobao.org/glob/download/glob-7.1.2.tgz",
          "bundled": true,
          "dependencies": {
            "fs.realpath": {
              "version": "http://registry.npm.taobao.org/fs.realpath/download/fs.realpath-1.0.0.tgz"
            },
            "inflight": {
              "version": "http://registry.npm.taobao.org/inflight/download/inflight-1.0.6.tgz"
            },
            "inherits": {
              "version": "http://registry.npm.taobao.org/inherits/download/inherits-2.0.3.tgz"
            },
            "minimatch": {
              "version": "http://registry.npm.taobao.org/minimatch/download/minimatch-3.0.4.tgz"
            },
            "once": {
              "version": "http://registry.npm.taobao.org/once/download/once-1.4.0.tgz",
              "dependencies": {
                "wrappy": {
                  "version": "http://registry.npm.taobao.org/wrappy/download/wrappy-1.0.2.tgz",
                  "bundled": true
                }
              }
            },
            "path-is-absolute": {
              "version": "http://registry.npm.taobao.org/path-is-absolute/download/path-is-absolute-1.0.1.tgz"
            }
          }
        },
        "globals": {
          "version": "http://registry.npm.taobao.org/globals/download/globals-11.5.0.tgz",
          "bundled": true
        },
        "ignore": {
          "version": "http://registry.npm.taobao.org/ignore/download/ignore-3.3.8.tgz",
          "bundled": true
        },
        "imurmurhash": {
          "version": "http://registry.npm.taobao.org/imurmurhash/download/imurmurhash-0.1.4.tgz",
          "bundled": true
        },
        "inquirer": {
          "version": "http://registry.npm.taobao.org/inquirer/download/inquirer-3.3.0.tgz",
          "bundled": true
        },
        "is-resolvable": {
          "version": "http://registry.npm.taobao.org/is-resolvable/download/is-resolvable-1.1.0.tgz",
          "bundled": true
        },
        "js-yaml": {
          "version": "http://registry.npm.taobao.org/js-yaml/download/js-yaml-3.11.0.tgz",
          "bundled": true
        },
        "json-stable-stringify-without-jsonify": {
          "version": "http://registry.npm.taobao.org/json-stable-stringify-without-jsonify/download/json-stable-stringify-without-jsonify-1.0.1.tgz",
          "bundled": true
        },
        "levn": {
          "version": "http://registry.npm.taobao.org/levn/download/levn-0.3.0.tgz",
          "bundled": true
        },
        "lodash": {
          "version": "http://registry.npm.taobao.org/lodash/download/lodash-4.17.10.tgz",
          "bundled": true
        },
        "minimatch": {
          "version": "http://registry.npm.taobao.org/minimatch/download/minimatch-3.0.4.tgz",
          "bundled": true,
          "dependencies": {
            "brace-expansion": {
              "version": "http://registry.npm.taobao.org/brace-expansion/download/brace-expansion-1.1.11.tgz"
            }
          }
        },
        "mkdirp": {
          "version": "http://registry.npm.taobao.org/mkdirp/download/mkdirp-0.5.1.tgz",
          "bundled": true,
          "dependencies": {
            "minimist": {
              "version": "http://registry.npm.taobao.org/minimist/download/minimist-0.0.8.tgz"
            }
          }
        },
        "natural-compare": {
          "version": "http://registry.npm.taobao.org/natural-compare/download/natural-compare-1.4.0.tgz",
          "bundled": true
        },
        "optionator": {
          "version": "http://registry.npm.taobao.org/optionator/download/optionator-0.8.2.tgz",
          "bundled": true
        },
        "path-is-inside": {
          "version": "http://registry.npm.taobao.org/path-is-inside/download/path-is-inside-1.0.2.tgz",
          "bundled": true
        },
        "pluralize": {
          "version": "http://registry.npm.taobao.org/pluralize/download/pluralize-7.0.0.tgz",
          "bundled": true
        },
        "progress": {
          "version": "http://registry.npm.taobao.org/progress/download/progress-2.0.0.tgz",
          "bundled": true
        },
        "regexpp": {
          "version": "http://registry.npm.taobao.org/regexpp/download/regexpp-1.1.0.tgz",
          "bundled": true
        },
        "require-uncached": {
          "version": "http://registry.npm.taobao.org/require-uncached/download/require-uncached-1.0.3.tgz",
          "bundled": true
        },
        "semver": {
          "version": "http://registry.npm.taobao.org/semver/download/semver-5.5.0.tgz",
          "bundled": true
        },
        "strip-ansi": {
          "version": "http://registry.npm.taobao.org/strip-ansi/download/strip-ansi-4.0.0.tgz",
          "bundled": true,
          "dependencies": {
            "ansi-regex": {
              "version": "http://registry.npm.taobao.org/ansi-regex/download/ansi-regex-3.0.0.tgz",
              "bundled": true
            }
          }
        },
        "strip-json-comments": {
          "version": "http://registry.npm.taobao.org/strip-json-comments/download/strip-json-comments-2.0.1.tgz",
          "bundled": true
        },
        "table": {
          "version": "http://registry.npm.taobao.org/table/download/table-4.0.2.tgz",
          "bundled": true
        },
        "text-table": {
          "version": "http://registry.npm.taobao.org/text-table/download/text-table-0.2.0.tgz",
          "bundled": true
        }
      }
    },
    "eslint-config-standard": {
      "version": "11.0.0",
      "resolved": "http://registry.npm.taobao.org/eslint-config-standard/download/eslint-config-standard-11.0.0.tgz",
      "dev": true
    },
    "eslint-plugin-import": {
      "version": "2.11.0",
      "resolved": "http://registry.npm.taobao.org/eslint-plugin-import/download/eslint-plugin-import-2.11.0.tgz",
      "dev": true,
      "dependencies": {
        "contains-path": {
          "version": "http://registry.npm.taobao.org/contains-path/download/contains-path-0.1.0.tgz",
          "bundled": true
        },
        "debug": {
          "version": "http://registry.npm.taobao.org/debug/download/debug-2.6.9.tgz",
          "bundled": true
        },
        "doctrine": {
          "version": "http://registry.npm.taobao.org/doctrine/download/doctrine-1.5.0.tgz",
          "bundled": true
        },
        "eslint-import-resolver-node": {
          "version": "http://registry.npm.taobao.org/eslint-import-resolver-node/download/eslint-import-resolver-node-0.3.2.tgz",
          "bundled": true,
          "dependencies": {
            "debug": {
              "version": "http://registry.npm.taobao.org/debug/download/debug-2.6.9.tgz",
              "dependencies": {
                "ms": {
                  "version": "http://registry.npm.taobao.org/ms/download/ms-2.0.0.tgz"
                }
              }
            },
            "resolve": {
              "version": "http://registry.npm.taobao.org/resolve/download/resolve-1.7.1.tgz"
            }
          }
        },
        "eslint-module-utils": {
          "version": "http://registry.npm.taobao.org/eslint-module-utils/download/eslint-module-utils-2.2.0.tgz",
          "bundled": true,
          "dependencies": {
            "debug": {
              "version": "http://registry.npm.taobao.org/debug/download/debug-2.6.9.tgz",
              "bundled": true,
              "dependencies": {
                "ms": {
                  "version": "http://registry.npm.taobao.org/ms/download/ms-2.0.0.tgz"
                }
              }
            },
            "pkg-dir": {
              "version": "http://registry.npm.taobao.org/pkg-dir/download/pkg-dir-1.0.0.tgz",
              "bundled": true
            }
          }
        },
        "has": {
          "version": "http://registry.npm.taobao.org/has/download/has-1.0.1.tgz",
          "bundled": true
        },
        "lodash": {
          "version": "http://registry.npm.taobao.org/lodash/download/lodash-4.17.10.tgz",
          "bundled": true
        },
        "minimatch": {
          "version": "http://registry.npm.taobao.org/minimatch/download/minimatch-3.0.4.tgz",
          "bundled": true,
          "dependencies": {
            "brace-expansion": {
              "version": "http://registry.npm.taobao.org/brace-expansion/download/brace-expansion-1.1.11.tgz"
            }
          }
        },
        "read-pkg-up": {
          "version": "http://registry.npm.taobao.org/read-pkg-up/download/read-pkg-up-2.0.0.tgz",
          "bundled": true
        },
        "resolve": {
          "version": "http://registry.npm.taobao.org/resolve/download/resolve-1.7.1.tgz",
          "bundled": true,
          "dependencies": {
            "path-parse": {
              "version": "http://registry.npm.taobao.org/path-parse/download/path-parse-1.0.5.tgz"
            }
          }
        }
      }
    },
    "eslint-plugin-node": {
      "version": "6.0.1",
      "resolved": "http://registry.npm.taobao.org/eslint-plugin-node/download/eslint-plugin-node-6.0.1.tgz",
      "dev": true,
      "dependencies": {
        "ignore": {
          "version": "http://registry.npm.taobao.org/ignore/download/ignore-3.3.8.tgz",
          "bundled": true
        },
        "minimatch": {
          "version": "http://registry.npm.taobao.org/minimatch/download/minimatch-3.0.4.tgz",
          "bundled": true,
          "dependencies": {
            "brace-expansion": {
              "version": "http://registry.npm.taobao.org/brace-expansion/download/brace-expansion-1.1.11.tgz"
            }
          }
        },
        "resolve": {
          "version": "http://registry.npm.taobao.org/resolve/download/resolve-1.7.1.tgz",
          "bundled": true,
          "dependencies": {
            "path-parse": {
              "version": "http://registry.npm.taobao.org/path-parse/download/path-parse-1.0.5.tgz"
            }
          }
        },
        "semver": {
          "version": "http://registry.npm.taobao.org/semver/download/semver-5.5.0.tgz",
          "bundled": true
        }
      }
    },
    "eslint-plugin-promise": {
      "version": "3.7.0",
      "resolved": "http://registry.npm.taobao.org/eslint-plugin-promise/download/eslint-plugin-promise-3.7.0.tgz",
      "dev": true
    },
    "eslint-plugin-standard": {
      "version": "3.1.0",
      "resolved": "https://registry.npmjs.org/eslint-plugin-standard/-/eslint-plugin-standard-3.1.0.tgz",
      "integrity": "sha512-fVcdyuKRr0EZ4fjWl3c+gp1BANFJD1+RaWa2UPYfMZ6jCtp5RG00kSaXnK/dE5sYzt4kaWJ9qdxqUfc0d9kX0w==",
      "dev": true
    }
  }
}
